{
  "version": 4,
  "terraform_version": "1.10.3",
  "serial": 1,
  "lineage": "9c41ffec-168f-38a9-071e-8e7264b69fb7",
  "outputs": {},
  "resources": [
    {
      "mode": "managed",
      "type": "spotify_playlist",
      "name": "TerraBeats",
      "provider": "provider[\"registry.terraform.io/conradludgate/spotify\"]",
      "instances": [
        {
          "schema_version": 0,
          "attributes": {
            "description": null,
            "id": "7HKQzaB9DgvCWr7YDDgLz1",
            "name": "TerraBeats",
            "public": true,
            "snapshot_id": "AAAAAqAZlX4OPvCvASxtpJuB8EjuD433",
            "tracks": [
              "7LZkMeX1k8PXQJ0SVYn1A5"
            ]
          },
          "sensitive_attributes": [],
          "private": "bnVsbA=="
        }
      ]
    }
  ],
  "check_results": null
}
